
Microsoft Visual Studio Solution File, Format Version 12.00
# Visual Studio Version 17
VisualStudioVersion = 17.4.33213.308
MinimumVisualStudioVersion = 10.0.40219.1
Project("{FAE04EC0-301F-11D3-BF4B-00C04F79EFBC}") = "Test", "Test\Test.csproj", "{2F369E76-6D32-4AD0-98BB-213DC9214B3A}"
EndProject
Global
	GlobalSection(SolutionConfigurationPlatforms) = preSolution
		Debug|Any CPU = Debug|Any CPU
		Release|Any CPU = Release|Any CPU
	EndGlobalSection
	GlobalSection(ProjectConfigurationPlatforms) = postSolution
		{2F369E76-6D32-4AD0-98BB-213DC9214B3A}.Debug|Any CPU.ActiveCfg = Debug|Any CPU
		{2F369E76-6D32-4AD0-98BB-213DC9214B3A}.Debug|Any CPU.Build.0 = Debug|Any CPU
		{2F369E76-6D32-4AD0-98BB-213DC9214B3A}.Release|Any CPU.ActiveCfg = Release|Any CPU
		{2F369E76-6D32-4AD0-98BB-213DC9214B3A}.Release|Any CPU.Build.0 = Release|Any CPU
	EndGlobalSection
	GlobalSection(SolutionProperties) = preSolution
		HideSolutionNode = FALSE
	EndGlobalSection
	GlobalSection(ExtensibilityGlobals) = postSolution
		SolutionGuid = {C21BC28B-461E-4C09-A92F-B185154B44E7}
	EndGlobalSection
EndGlobal
